PODS:
  - RCSPrivateFramework (0.1.0)

DEPENDENCIES:
  - RCSPrivateFramework (from `../`)

EXTERNAL SOURCES:
  RCSPrivateFramework:
    :path: "../"

SPEC CHECKSUMS:
  RCSPrivateFramework: c09a6601f0e637a7ef0c0b853ef3c05926a0207e

PODFILE CHECKSUM: 38c0dd7108c97349eea7f66d4a1667d562cf642e

COCOAPODS: 1.11.3
