PODS:
  - RCSPrivateFramework (0.1.1)

DEPENDENCIES:
  - RCSPrivateFramework (from `../`)

EXTERNAL SOURCES:
  RCSPrivateFramework:
    :path: "../"

SPEC CHECKSUMS:
  RCSPrivateFramework: eb40532330a71aeeafdae8bae63948ed41822294

PODFILE CHECKSUM: 35fe8e4419916ea6bbd33694f5eaf9d1dae89d80

COCOAPODS: 1.11.3
